
Microsoft Visual Studio Solution File, Format Version 12.00
Project("{FAE04EC0-301F-11D3-BF4B-00C04F79EFBC}") = "DigitaxAPIs", "DigitaxM750API\DigitaxM750API.csproj", "{DDBA9AC6-72F3-4F73-B4B8-DF0A913DBEAB}"
EndProject
Global
	GlobalSection(SolutionConfigurationPlatforms) = preSolution
		Debug|Any CPU = Debug|Any CPU
		Release|Any CPU = Release|Any CPU
	EndGlobalSection
	GlobalSection(ProjectConfigurationPlatforms) = postSolution
		{DDBA9AC6-72F3-4F73-B4B8-DF0A913DBEAB}.Debug|Any CPU.ActiveCfg = Debug|Any CPU
		{DDBA9AC6-72F3-4F73-B4B8-DF0A913DBEAB}.Debug|Any CPU.Build.0 = Debug|Any CPU
		{DDBA9AC6-72F3-4F73-B4B8-DF0A913DBEAB}.Release|Any CPU.ActiveCfg = Release|Any CPU
		{DDBA9AC6-72F3-4F73-B4B8-DF0A913DBEAB}.Release|Any CPU.Build.0 = Release|Any CPU
	EndGlobalSection
EndGlobal
